
Microsoft Visual Studio Solution File, Format Version 12.00
# Visual Studio Version 17
VisualStudioVersion = 17.4.33103.184
MinimumVisualStudioVersion = 10.0.40219.1
Project("{FAE04EC0-301F-11D3-BF4B-00C04F79EFBC}") = "VereinsVerwaltung", "VereinsVerwaltung\VereinsVerwaltung.csproj", "{74817BB2-1987-4F09-8E29-987CBA3326CA}"
EndProject
Global
	GlobalSection(SolutionConfigurationPlatforms) = preSolution
		Debug|Any CPU = Debug|Any CPU
		Release|Any CPU = Release|Any CPU
	EndGlobalSection
	GlobalSection(ProjectConfigurationPlatforms) = postSolution
		{74817BB2-1987-4F09-8E29-987CBA3326CA}.Debug|Any CPU.ActiveCfg = Debug|Any CPU
		{74817BB2-1987-4F09-8E29-987CBA3326CA}.Debug|Any CPU.Build.0 = Debug|Any CPU
		{74817BB2-1987-4F09-8E29-987CBA3326CA}.Release|Any CPU.ActiveCfg = Release|Any CPU
		{74817BB2-1987-4F09-8E29-987CBA3326CA}.Release|Any CPU.Build.0 = Release|Any CPU
	EndGlobalSection
	GlobalSection(SolutionProperties) = preSolution
		HideSolutionNode = FALSE
	EndGlobalSection
	GlobalSection(ExtensibilityGlobals) = postSolution
		SolutionGuid = {4DE6FFDB-B9D2-4245-8606-6A881F1A00B2}
	EndGlobalSection
EndGlobal
